// !$*UTF8*$!
{
	archiveVersion = 1;
	classes = {
	};
	objectVersion = 56;
	objects = {

/* Begin PBXBuildFile section */
		64A8C3C02AEDF6D70054F6CC /* ProfileView.swift in Sources */ = {isa = PBXBuildFile; fileRef = 64A8C3BF2AEDF6D70054F6CC /* ProfileView.swift */; };
		64A8C3C22AEDFB0A0054F6CC /* ProfileOptionRowView.swift in Sources */ = {isa = PBXBuildFile; fileRef = 64A8C3C12AEDFB0A0054F6CC /* ProfileOptionRowView.swift */; };
		64A92A4F2AEDFEED00F2A58E /* WishlistsView.swift in Sources */ = {isa = PBXBuildFile; fileRef = 64A92A4E2AEDFEED00F2A58E /* WishlistsView.swift */; };
		64B0222A2AEC8F32002E48F8 /* DestinationSearchView.swift in Sources */ = {isa = PBXBuildFile; fileRef = 64B022292AEC8F32002E48F8 /* DestinationSearchView.swift */; };
		64B17AB52AEA49B0005FE252 /* _0_swift_airbnbApp.swift in Sources */ = {isa = PBXBuildFile; fileRef = 64B17AB42AEA49B0005FE252 /* _0_swift_airbnbApp.swift */; };
		64B17AB72AEA49B0005FE252 /* ContentView.swift in Sources */ = {isa = PBXBuildFile; fileRef = 64B17AB62AEA49B0005FE252 /* ContentView.swift */; };
		64B17AB92AEA49B4005FE252 /* Assets.xcassets in Resources */ = {isa = PBXBuildFile; fileRef = 64B17AB82AEA49B4005FE252 /* Assets.xcassets */; };
		64B17ABD2AEA49B4005FE252 /* Preview Assets.xcassets in Resources */ = {isa = PBXBuildFile; fileRef = 64B17ABC2AEA49B4005FE252 /* Preview Assets.xcassets */; };
		64B17AD22AEA5BCF005FE252 /* ExploreView.swift in Sources */ = {isa = PBXBuildFile; fileRef = 64B17AD12AEA5BCF005FE252 /* ExploreView.swift */; };
		64B17AD42AEA60D1005FE252 /* ListingItemView.swift in Sources */ = {isa = PBXBuildFile; fileRef = 64B17AD32AEA60D1005FE252 /* ListingItemView.swift */; };
		64BD86BE2AEB4B670022B56B /* SearchAndFilterBar.swift in Sources */ = {isa = PBXBuildFile; fileRef = 64BD86BD2AEB4B670022B56B /* SearchAndFilterBar.swift */; };
		64BD86C02AEB5F4D0022B56B /* ListingDetailView.swift in Sources */ = {isa = PBXBuildFile; fileRef = 64BD86BF2AEB5F4D0022B56B /* ListingDetailView.swift */; };
		64BD86C42AEB61D20022B56B /* ListingImageCarouselView.swift in Sources */ = {isa = PBXBuildFile; fileRef = 64BD86C32AEB61D20022B56B /* ListingImageCarouselView.swift */; };
/* End PBXBuildFile section */

/* Begin PBXFileReference section */
		64A8C3BF2AEDF6D70054F6CC /* ProfileView.swift */ = {isa = PBXFileReference; lastKnownFileType = sourcecode.swift; path = ProfileView.swift; sourceTree = "<group>"; };
		64A8C3C12AEDFB0A0054F6CC /* ProfileOptionRowView.swift */ = {isa = PBXFileReference; lastKnownFileType = sourcecode.swift; path = ProfileOptionRowView.swift; sourceTree = "<group>"; };
		64A92A4E2AEDFEED00F2A58E /* WishlistsView.swift */ = {isa = PBXFileReference; lastKnownFileType = sourcecode.swift; path = WishlistsView.swift; sourceTree = "<group>"; };
		64B022292AEC8F32002E48F8 /* DestinationSearchView.swift */ = {isa = PBXFileReference; lastKnownFileType = sourcecode.swift; path = DestinationSearchView.swift; sourceTree = "<group>"; };
		64B17AB12AEA49B0005FE252 /* 20-swift-airbnb.app */ = {isa = PBXFileReference; explicitFileType = wrapper.application; includeInIndex = 0; path = "20-swift-airbnb.app"; sourceTree = BUILT_PRODUCTS_DIR; };
		64B17AB42AEA49B0005FE252 /* _0_swift_airbnbApp.swift */ = {isa = PBXFileReference; lastKnownFileType = sourcecode.swift; path = _0_swift_airbnbApp.swift; sourceTree = "<group>"; };
		64B17AB62AEA49B0005FE252 /* ContentView.swift */ = {isa = PBXFileReference; lastKnownFileType = sourcecode.swift; path = ContentView.swift; sourceTree = "<group>"; };
		64B17AB82AEA49B4005FE252 /* Assets.xcassets */ = {isa = PBXFileReference; lastKnownFileType = folder.assetcatalog; path = Assets.xcassets; sourceTree = "<group>"; };
		64B17ABA2AEA49B4005FE252 /* _0_swift_airbnb.entitlements */ = {isa = PBXFileReference; lastKnownFileType = text.plist.entitlements; path = _0_swift_airbnb.entitlements; sourceTree = "<group>"; };
		64B17ABC2AEA49B4005FE252 /* Preview Assets.xcassets */ = {isa = PBXFileReference; lastKnownFileType = folder.assetcatalog; path = "Preview Assets.xcassets"; sourceTree = "<group>"; };
		64B17AD12AEA5BCF005FE252 /* ExploreView.swift */ = {isa = PBXFileReference; lastKnownFileType = sourcecode.swift; path = ExploreView.swift; sourceTree = "<group>"; };
		64B17AD32AEA60D1005FE252 /* ListingItemView.swift */ = {isa = PBXFileReference; lastKnownFileType = sourcecode.swift; path = ListingItemView.swift; sourceTree = "<group>"; };
		64BD86BD2AEB4B670022B56B /* SearchAndFilterBar.swift */ = {isa = PBXFileReference; lastKnownFileType = sourcecode.swift; path = SearchAndFilterBar.swift; sourceTree = "<group>"; };
		64BD86BF2AEB5F4D0022B56B /* ListingDetailView.swift */ = {isa = PBXFileReference; lastKnownFileType = sourcecode.swift; path = ListingDetailView.swift; sourceTree = "<group>"; };
		64BD86C32AEB61D20022B56B /* ListingImageCarouselView.swift */ = {isa = PBXFileReference; lastKnownFileType = sourcecode.swift; path = ListingImageCarouselView.swift; sourceTree = "<group>"; };
/* End PBXFileReference section */

/* Begin PBXFrameworksBuildPhase section */
		64B17AAE2AEA49B0005FE252 /* Frameworks */ = {
			isa = PBXFrameworksBuildPhase;
			buildActionMask = 2147483647;
			files = (
			);
			runOnlyForDeploymentPostprocessing = 0;
		};
/* End PBXFrameworksBuildPhase section */

/* Begin PBXGroup section */
		64B17AA82AEA49B0005FE252 = {
			isa = PBXGroup;
			children = (
				64B17AB32AEA49B0005FE252 /* 20-swift-airbnb */,
				64B17AB22AEA49B0005FE252 /* Products */,
			);
			sourceTree = "<group>";
		};
		64B17AB22AEA49B0005FE252 /* Products */ = {
			isa = PBXGroup;
			children = (
				64B17AB12AEA49B0005FE252 /* 20-swift-airbnb.app */,
			);
			name = Products;
			sourceTree = "<group>";
		};
		64B17AB32AEA49B0005FE252 /* 20-swift-airbnb */ = {
			isa = PBXGroup;
			children = (
				64B17AC92AEA534A005FE252 /* App */,
				64B17AC82AEA5344005FE252 /* Core */,
				64B17AC72AEA533E005FE252 /* Models */,
				64B17AC62AEA5338005FE252 /* Extensions */,
				64B17AC52AEA5333005FE252 /* Utils */,
				64B17AB62AEA49B0005FE252 /* ContentView.swift */,
				64B17AB82AEA49B4005FE252 /* Assets.xcassets */,
				64B17ABA2AEA49B4005FE252 /* _0_swift_airbnb.entitlements */,
				64B17ABB2AEA49B4005FE252 /* Preview Content */,
			);
			path = "20-swift-airbnb";
			sourceTree = "<group>";
		};
		64B17ABB2AEA49B4005FE252 /* Preview Content */ = {
			isa = PBXGroup;
			children = (
				64B17ABC2AEA49B4005FE252 /* Preview Assets.xcassets */,
			);
			path = "Preview Content";
			sourceTree = "<group>";
		};
		64B17AC52AEA5333005FE252 /* Utils */ = {
			isa = PBXGroup;
			children = (
			);
			path = Utils;
			sourceTree = "<group>";
		};
		64B17AC62AEA5338005FE252 /* Extensions */ = {
			isa = PBXGroup;
			children = (
			);
			path = Extensions;
			sourceTree = "<group>";
		};
		64B17AC72AEA533E005FE252 /* Models */ = {
			isa = PBXGroup;
			children = (
			);
			path = Models;
			sourceTree = "<group>";
		};
		64B17AC82AEA5344005FE252 /* Core */ = {
			isa = PBXGroup;
			children = (
				64B17ACB2AEA5390005FE252 /* TabBar */,
				64B17ACA2AEA538A005FE252 /* Root */,
				64B17ACD2AEA53AB005FE252 /* Explore */,
				64B17ACC2AEA53A3005FE252 /* Wishlists */,
				64B17AD02AEA53BD005FE252 /* Profile */,
				64B17ACE2AEA53B2005FE252 /* Listings */,
				64B17ACF2AEA53B7005FE252 /* MapView */,
				64BD86C22AEB61A60022B56B /* Components */,
			);
			path = Core;
			sourceTree = "<group>";
		};
		64B17AC92AEA534A005FE252 /* App */ = {
			isa = PBXGroup;
			children = (
				64B17AB42AEA49B0005FE252 /* _0_swift_airbnbApp.swift */,
			);
			path = App;
			sourceTree = "<group>";
		};
		64B17ACA2AEA538A005FE252 /* Root */ = {
			isa = PBXGroup;
			children = (
			);
			path = Root;
			sourceTree = "<group>";
		};
		64B17ACB2AEA5390005FE252 /* TabBar */ = {
			isa = PBXGroup;
			children = (
			);
			path = TabBar;
			sourceTree = "<group>";
		};
		64B17ACC2AEA53A3005FE252 /* Wishlists */ = {
			isa = PBXGroup;
			children = (
				64A92A4E2AEDFEED00F2A58E /* WishlistsView.swift */,
			);
			path = Wishlists;
			sourceTree = "<group>";
		};
		64B17ACD2AEA53AB005FE252 /* Explore */ = {
			isa = PBXGroup;
			children = (
				64B17AD12AEA5BCF005FE252 /* ExploreView.swift */,
				64BD86BD2AEB4B670022B56B /* SearchAndFilterBar.swift */,
				64B022292AEC8F32002E48F8 /* DestinationSearchView.swift */,
			);
			path = Explore;
			sourceTree = "<group>";
		};
		64B17ACE2AEA53B2005FE252 /* Listings */ = {
			isa = PBXGroup;
			children = (
				64B17AD32AEA60D1005FE252 /* ListingItemView.swift */,
				64BD86BF2AEB5F4D0022B56B /* ListingDetailView.swift */,
			);
			path = Listings;
			sourceTree = "<group>";
		};
		64B17ACF2AEA53B7005FE252 /* MapView */ = {
			isa = PBXGroup;
			children = (
			);
			path = MapView;
			sourceTree = "<group>";
		};
		64B17AD02AEA53BD005FE252 /* Profile */ = {
			isa = PBXGroup;
			children = (
				64A8C3BF2AEDF6D70054F6CC /* ProfileView.swift */,
				64A8C3C12AEDFB0A0054F6CC /* ProfileOptionRowView.swift */,
			);
			path = Profile;
			sourceTree = "<group>";
		};
		64BD86C22AEB61A60022B56B /* Components */ = {
			isa = PBXGroup;
			children = (
				64BD86C32AEB61D20022B56B /* ListingImageCarouselView.swift */,
			);
			path = Components;
			sourceTree = "<group>";
		};
/* End PBXGroup section */

/* Begin PBXNativeTarget section */
		64B17AB02AEA49B0005FE252 /* 20-swift-airbnb */ = {
			isa = PBXNativeTarget;
			buildConfigurationList = 64B17AC02AEA49B4005FE252 /* Build configuration list for PBXNativeTarget "20-swift-airbnb" */;
			buildPhases = (
				64B17AAD2AEA49B0005FE252 /* Sources */,
				64B17AAE2AEA49B0005FE252 /* Frameworks */,
				64B17AAF2AEA49B0005FE252 /* Resources */,
			);
			buildRules = (
			);
			dependencies = (
			);
			name = "20-swift-airbnb";
			productName = "20-swift-airbnb";
			productReference = 64B17AB12AEA49B0005FE252 /* 20-swift-airbnb.app */;
			productType = "com.apple.product-type.application";
		};
/* End PBXNativeTarget section */

/* Begin PBXProject section */
		64B17AA92AEA49B0005FE252 /* Project object */ = {
			isa = PBXProject;
			attributes = {
				BuildIndependentTargetsInParallel = 1;
				LastSwiftUpdateCheck = 1420;
				LastUpgradeCheck = 1420;
				TargetAttributes = {
					64B17AB02AEA49B0005FE252 = {
						CreatedOnToolsVersion = 14.2;
					};
				};
			};
			buildConfigurationList = 64B17AAC2AEA49B0005FE252 /* Build configuration list for PBXProject "20-swift-airbnb" */;
			compatibilityVersion = "Xcode 14.0";
			developmentRegion = en;
			hasScannedForEncodings = 0;
			knownRegions = (
				en,
				Base,
			);
			mainGroup = 64B17AA82AEA49B0005FE252;
			productRefGroup = 64B17AB22AEA49B0005FE252 /* Products */;
			projectDirPath = "";
			projectRoot = "";
			targets = (
				64B17AB02AEA49B0005FE252 /* 20-swift-airbnb */,
			);
		};
/* End PBXProject section */

/* Begin PBXResourcesBuildPhase section */
		64B17AAF2AEA49B0005FE252 /* Resources */ = {
			isa = PBXResourcesBuildPhase;
			buildActionMask = 2147483647;
			files = (
				64B17ABD2AEA49B4005FE252 /* Preview Assets.xcassets in Resources */,
				64B17AB92AEA49B4005FE252 /* Assets.xcassets in Resources */,
			);
			runOnlyForDeploymentPostprocessing = 0;
		};
/* End PBXResourcesBuildPhase section */

/* Begin PBXSourcesBuildPhase section */
		64B17AAD2AEA49B0005FE252 /* Sources */ = {
			isa = PBXSourcesBuildPhase;
			buildActionMask = 2147483647;
			files = (
				64BD86C42AEB61D20022B56B /* ListingImageCarouselView.swift in Sources */,
				64A8C3C02AEDF6D70054F6CC /* ProfileView.swift in Sources */,
				64A8C3C22AEDFB0A0054F6CC /* ProfileOptionRowView.swift in Sources */,
				64B0222A2AEC8F32002E48F8 /* DestinationSearchView.swift in Sources */,
				64B17AD42AEA60D1005FE252 /* ListingItemView.swift in Sources */,
				64B17AB72AEA49B0005FE252 /* ContentView.swift in Sources */,
				64A92A4F2AEDFEED00F2A58E /* WishlistsView.swift in Sources */,
				64B17AD22AEA5BCF005FE252 /* ExploreView.swift in Sources */,
				64BD86BE2AEB4B670022B56B /* SearchAndFilterBar.swift in Sources */,
				64BD86C02AEB5F4D0022B56B /* ListingDetailView.swift in Sources */,
				64B17AB52AEA49B0005FE252 /* _0_swift_airbnbApp.swift in Sources */,
			);
			runOnlyForDeploymentPostprocessing = 0;
		};
/* End PBXSourcesBuildPhase section */

/* Begin XCBuildConfiguration section */
		64B17ABE2AEA49B4005FE252 /* Debug */ = {
			isa = XCBuildConfiguration;
			buildSettings = {
				ALWAYS_SEARCH_USER_PATHS = NO;
				CLANG_ANALYZER_NONNULL = YES;
				CLANG_ANALYZER_NUMBER_OBJECT_CONVERSION = YES_AGGRESSIVE;
				CLANG_CXX_LANGUAGE_STANDARD = "gnu++20";
				CLANG_ENABLE_MODULES = YES;
				CLANG_ENABLE_OBJC_ARC = YES;
				CLANG_ENABLE_OBJC_WEAK = YES;
				CLANG_WARN_BLOCK_CAPTURE_AUTORELEASING = YES;
				CLANG_WARN_BOOL_CONVERSION = YES;
				CLANG_WARN_COMMA = YES;
				CLANG_WARN_CONSTANT_CONVERSION = YES;
				CLANG_WARN_DEPRECATED_OBJC_IMPLEMENTATIONS = YES;
				CLANG_WARN_DIRECT_OBJC_ISA_USAGE = YES_ERROR;
				CLANG_WARN_DOCUMENTATION_COMMENTS = YES;
				CLANG_WARN_EMPTY_BODY = YES;
				CLANG_WARN_ENUM_CONVERSION = YES;
				CLANG_WARN_INFINITE_RECURSION = YES;
				CLANG_WARN_INT_CONVERSION = YES;
				CLANG_WARN_NON_LITERAL_NULL_CONVERSION = YES;
				CLANG_WARN_OBJC_IMPLICIT_RETAIN_SELF = YES;
				CLANG_WARN_OBJC_LITERAL_CONVERSION = YES;
				CLANG_WARN_OBJC_ROOT_CLASS = YES_ERROR;
				CLANG_WARN_QUOTED_INCLUDE_IN_FRAMEWORK_HEADER = YES;
				CLANG_WARN_RANGE_LOOP_ANALYSIS = YES;
				CLANG_WARN_STRICT_PROTOTYPES = YES;
				CLANG_WARN_SUSPICIOUS_MOVE = YES;
				CLANG_WARN_UNGUARDED_AVAILABILITY = YES_AGGRESSIVE;
				CLANG_WARN_UNREACHABLE_CODE = YES;
				CLANG_WARN__DUPLICATE_METHOD_MATCH = YES;
				COPY_PHASE_STRIP = NO;
				DEBUG_INFORMATION_FORMAT = dwarf;
				ENABLE_STRICT_OBJC_MSGSEND = YES;
				ENABLE_TESTABILITY = YES;
				GCC_C_LANGUAGE_STANDARD = gnu11;
				GCC_DYNAMIC_NO_PIC = NO;
				GCC_NO_COMMON_BLOCKS = YES;
				GCC_OPTIMIZATION_LEVEL = 0;
				GCC_PREPROCESSOR_DEFINITIONS = (
					"DEBUG=1",
					"$(inherited)",
				);
				GCC_WARN_64_TO_32_BIT_CONVERSION = YES;
				GCC_WARN_ABOUT_RETURN_TYPE = YES_ERROR;
				GCC_WARN_UNDECLARED_SELECTOR = YES;
				GCC_WARN_UNINITIALIZED_AUTOS = YES_AGGRESSIVE;
				GCC_WARN_UNUSED_FUNCTION = YES;
				GCC_WARN_UNUSED_VARIABLE = YES;
				MTL_ENABLE_DEBUG_INFO = INCLUDE_SOURCE;
				MTL_FAST_MATH = YES;
				ONLY_ACTIVE_ARCH = YES;
				SWIFT_ACTIVE_COMPILATION_CONDITIONS = DEBUG;
				SWIFT_OPTIMIZATION_LEVEL = "-Onone";
			};
			name = Debug;
		};
		64B17ABF2AEA49B4005FE252 /* Release */ = {
			isa = XCBuildConfiguration;
			buildSettings = {
				ALWAYS_SEARCH_USER_PATHS = NO;
				CLANG_ANALYZER_NONNULL = YES;
				CLANG_ANALYZER_NUMBER_OBJECT_CONVERSION = YES_AGGRESSIVE;
				CLANG_CXX_LANGUAGE_STANDARD = "gnu++20";
				CLANG_ENABLE_MODULES = YES;
				CLANG_ENABLE_OBJC_ARC = YES;
				CLANG_ENABLE_OBJC_WEAK = YES;
				CLANG_WARN_BLOCK_CAPTURE_AUTORELEASING = YES;
				CLANG_WARN_BOOL_CONVERSION = YES;
				CLANG_WARN_COMMA = YES;
				CLANG_WARN_CONSTANT_CONVERSION = YES;
				CLANG_WARN_DEPRECATED_OBJC_IMPLEMENTATIONS = YES;
				CLANG_WARN_DIRECT_OBJC_ISA_USAGE = YES_ERROR;
				CLANG_WARN_DOCUMENTATION_COMMENTS = YES;
				CLANG_WARN_EMPTY_BODY = YES;
				CLANG_WARN_ENUM_CONVERSION = YES;
				CLANG_WARN_INFINITE_RECURSION = YES;
				CLANG_WARN_INT_CONVERSION = YES;
				CLANG_WARN_NON_LITERAL_NULL_CONVERSION = YES;
				CLANG_WARN_OBJC_IMPLICIT_RETAIN_SELF = YES;
				CLANG_WARN_OBJC_LITERAL_CONVERSION = YES;
				CLANG_WARN_OBJC_ROOT_CLASS = YES_ERROR;
				CLANG_WARN_QUOTED_INCLUDE_IN_FRAMEWORK_HEADER = YES;
				CLANG_WARN_RANGE_LOOP_ANALYSIS = YES;
				CLANG_WARN_STRICT_PROTOTYPES = YES;
				CLANG_WARN_SUSPICIOUS_MOVE = YES;
				CLANG_WARN_UNGUARDED_AVAILABILITY = YES_AGGRESSIVE;
				CLANG_WARN_UNREACHABLE_CODE = YES;
				CLANG_WARN__DUPLICATE_METHOD_MATCH = YES;
				COPY_PHASE_STRIP = NO;
				DEBUG_INFORMATION_FORMAT = "dwarf-with-dsym";
				ENABLE_NS_ASSERTIONS = NO;
				ENABLE_STRICT_OBJC_MSGSEND = YES;
				GCC_C_LANGUAGE_STANDARD = gnu11;
				GCC_NO_COMMON_BLOCKS = YES;
				GCC_WARN_64_TO_32_BIT_CONVERSION = YES;
				GCC_WARN_ABOUT_RETURN_TYPE = YES_ERROR;
				GCC_WARN_UNDECLARED_SELECTOR = YES;
				GCC_WARN_UNINITIALIZED_AUTOS = YES_AGGRESSIVE;
				GCC_WARN_UNUSED_FUNCTION = YES;
				GCC_WARN_UNUSED_VARIABLE = YES;
				MTL_ENABLE_DEBUG_INFO = NO;
				MTL_FAST_MATH = YES;
				SWIFT_COMPILATION_MODE = wholemodule;
				SWIFT_OPTIMIZATION_LEVEL = "-O";
			};
			name = Release;
		};
		64B17AC12AEA49B4005FE252 /* Debug */ = {
			isa = XCBuildConfiguration;
			buildSettings = {
				ASSETCATALOG_COMPILER_APPICON_NAME = AppIcon;
				ASSETCATALOG_COMPILER_GLOBAL_ACCENT_COLOR_NAME = AccentColor;
				CODE_SIGN_ENTITLEMENTS = "20-swift-airbnb/_0_swift_airbnb.entitlements";
				CODE_SIGN_STYLE = Automatic;
				CURRENT_PROJECT_VERSION = 1;
				DEVELOPMENT_ASSET_PATHS = "\"20-swift-airbnb/Preview Content\"";
				ENABLE_PREVIEWS = YES;
				GENERATE_INFOPLIST_FILE = YES;
				"INFOPLIST_KEY_UIApplicationSceneManifest_Generation[sdk=iphoneos*]" = YES;
				"INFOPLIST_KEY_UIApplicationSceneManifest_Generation[sdk=iphonesimulator*]" = YES;
				"INFOPLIST_KEY_UIApplicationSupportsIndirectInputEvents[sdk=iphoneos*]" = YES;
				"INFOPLIST_KEY_UIApplicationSupportsIndirectInputEvents[sdk=iphonesimulator*]" = YES;
				"INFOPLIST_KEY_UILaunchScreen_Generation[sdk=iphoneos*]" = YES;
				"INFOPLIST_KEY_UILaunchScreen_Generation[sdk=iphonesimulator*]" = YES;
				"INFOPLIST_KEY_UIStatusBarStyle[sdk=iphoneos*]" = UIStatusBarStyleDefault;
				"INFOPLIST_KEY_UIStatusBarStyle[sdk=iphonesimulator*]" = UIStatusBarStyleDefault;
				INFOPLIST_KEY_UISupportedInterfaceOrientations_iPad = "UIInterfaceOrientationPortrait UIInterfaceOrientationPortraitUpsideDown UIInterfaceOrientationLandscapeLeft UIInterfaceOrientationLandscapeRight";
				INFOPLIST_KEY_UISupportedInterfaceOrientations_iPhone = "UIInterfaceOrientationPortrait UIInterfaceOrientationLandscapeLeft UIInterfaceOrientationLandscapeRight";
				IPHONEOS_DEPLOYMENT_TARGET = 16.2;
				LD_RUNPATH_SEARCH_PATHS = "@executable_path/Frameworks";
				"LD_RUNPATH_SEARCH_PATHS[sdk=macosx*]" = "@executable_path/../Frameworks";
				MACOSX_DEPLOYMENT_TARGET = 12.6;
				MARKETING_VERSION = 1.0;
				PRODUCT_BUNDLE_IDENTIFIER = "ai.cherrypick.-0-swift-airbnb";
				PRODUCT_NAME = "$(TARGET_NAME)";
				SDKROOT = auto;
				SUPPORTED_PLATFORMS = "iphoneos iphonesimulator macosx";
				SWIFT_EMIT_LOC_STRINGS = YES;
				SWIFT_VERSION = 5.0;
				TARGETED_DEVICE_FAMILY = "1,2";
			};
			name = Debug;
		};
		64B17AC22AEA49B4005FE252 /* Release */ = {
			isa = XCBuildConfiguration;
			buildSettings = {
				ASSETCATALOG_COMPILER_APPICON_NAME = AppIcon;
				ASSETCATALOG_COMPILER_GLOBAL_ACCENT_COLOR_NAME = AccentColor;
				CODE_SIGN_ENTITLEMENTS = "20-swift-airbnb/_0_swift_airbnb.entitlements";
				CODE_SIGN_STYLE = Automatic;
				CURRENT_PROJECT_VERSION = 1;
				DEVELOPMENT_ASSET_PATHS = "\"20-swift-airbnb/Preview Content\"";
				ENABLE_PREVIEWS = YES;
				GENERATE_INFOPLIST_FILE = YES;
				"INFOPLIST_KEY_UIApplicationSceneManifest_Generation[sdk=iphoneos*]" = YES;
				"INFOPLIST_KEY_UIApplicationSceneManifest_Generation[sdk=iphonesimulator*]" = YES;
				"INFOPLIST_KEY_UIApplicationSupportsIndirectInputEvents[sdk=iphoneos*]" = YES;
				"INFOPLIST_KEY_UIApplicationSupportsIndirectInputEvents[sdk=iphonesimulator*]" = YES;
				"INFOPLIST_KEY_UILaunchScreen_Generation[sdk=iphoneos*]" = YES;
				"INFOPLIST_KEY_UILaunchScreen_Generation[sdk=iphonesimulator*]" = YES;
				"INFOPLIST_KEY_UIStatusBarStyle[sdk=iphoneos*]" = UIStatusBarStyleDefault;
				"INFOPLIST_KEY_UIStatusBarStyle[sdk=iphonesimulator*]" = UIStatusBarStyleDefault;
				INFOPLIST_KEY_UISupportedInterfaceOrientations_iPad = "UIInterfaceOrientationPortrait UIInterfaceOrientationPortraitUpsideDown UIInterfaceOrientationLandscapeLeft UIInterfaceOrientationLandscapeRight";
				INFOPLIST_KEY_UISupportedInterfaceOrientations_iPhone = "UIInterfaceOrientationPortrait UIInterfaceOrientationLandscapeLeft UIInterfaceOrientationLandscapeRight";
				IPHONEOS_DEPLOYMENT_TARGET = 16.2;
				LD_RUNPATH_SEARCH_PATHS = "@executable_path/Frameworks";
				"LD_RUNPATH_SEARCH_PATHS[sdk=macosx*]" = "@executable_path/../Frameworks";
				MACOSX_DEPLOYMENT_TARGET = 12.6;
				MARKETING_VERSION = 1.0;
				PRODUCT_BUNDLE_IDENTIFIER = "ai.cherrypick.-0-swift-airbnb";
				PRODUCT_NAME = "$(TARGET_NAME)";
				SDKROOT = auto;
				SUPPORTED_PLATFORMS = "iphoneos iphonesimulator macosx";
				SWIFT_EMIT_LOC_STRINGS = YES;
				SWIFT_VERSION = 5.0;
				TARGETED_DEVICE_FAMILY = "1,2";
			};
			name = Release;
		};
/* End XCBuildConfiguration section */

/* Begin XCConfigurationList section */
		64B17AAC2AEA49B0005FE252 /* Build configuration list for PBXProject "20-swift-airbnb" */ = {
			isa = XCConfigurationList;
			buildConfigurations = (
				64B17ABE2AEA49B4005FE252 /* Debug */,
				64B17ABF2AEA49B4005FE252 /* Release */,
			);
			defaultConfigurationIsVisible = 0;
			defaultConfigurationName = Release;
		};
		64B17AC02AEA49B4005FE252 /* Build configuration list for PBXNativeTarget "20-swift-airbnb" */ = {
			isa = XCConfigurationList;
			buildConfigurations = (
				64B17AC12AEA49B4005FE252 /* Debug */,
				64B17AC22AEA49B4005FE252 /* Release */,
			);
			defaultConfigurationIsVisible = 0;
			defaultConfigurationName = Release;
		};
/* End XCConfigurationList section */
	};
	rootObject = 64B17AA92AEA49B0005FE252 /* Project object */;
}
